
Microsoft Visual Studio Solution File, Format Version 12.00
# Visual Studio 15
VisualStudioVersion = 15.0.28307.572
MinimumVisualStudioVersion = 10.0.40219.1
Project("{9A19103F-16F7-4668-BE54-9A1E7A4F7556}") = "AssignmentsScheduler.API", "src\AssignmentsScheduler.API\AssignmentsScheduler.API.csproj", "{4E0D5721-5349-49B1-B9E1-7E3DC675FF3D}"
EndProject
Project("{9A19103F-16F7-4668-BE54-9A1E7A4F7556}") = "AssignmentsScheduler.Domain.Abstract", "src\AssignmentsScheduler.Domain.Abstract\AssignmentsScheduler.Domain.Abstract.csproj", "{7D7620B4-26E8-45E7-ABE9-DD0DB4186EF5}"
EndProject
Project("{9A19103F-16F7-4668-BE54-9A1E7A4F7556}") = "AssignmentsScheduler.Domain.Models", "src\AssignmentsScheduler.Domain.Models\AssignmentsScheduler.Domain.Models.csproj", "{2C554EC8-1B28-4576-A831-F79A1D8D4FA6}"
EndProject
Project("{FAE04EC0-301F-11D3-BF4B-00C04F79EFBC}") = "AssignmentsScheduler.CompositionRoot", "src\AssignmentsScheduler.CompositionRoot\AssignmentsScheduler.CompositionRoot.csproj", "{14F6173E-F857-41AD-9715-884D7E0D4E97}"
EndProject
Project("{FAE04EC0-301F-11D3-BF4B-00C04F79EFBC}") = "AssignmentsScheduler.Domain", "src\AssignmentsScheduler.Domain\AssignmentsScheduler.Domain.csproj", "{E3ECA22C-A2DE-4AD0-9328-AAA56025668E}"
EndProject
Project("{FAE04EC0-301F-11D3-BF4B-00C04F79EFBC}") = "AssignmentsScheduler.API.Contracts", "src\AssignmentsScheduler.API.Contracts\AssignmentsScheduler.API.Contracts.csproj", "{3D4CB612-38C3-4131-B86A-881C9F093775}"
EndProject
Global
	GlobalSection(SolutionConfigurationPlatforms) = preSolution
		Debug|Any CPU = Debug|Any CPU
		Release|Any CPU = Release|Any CPU
	EndGlobalSection
	GlobalSection(ProjectConfigurationPlatforms) = postSolution
		{4E0D5721-5349-49B1-B9E1-7E3DC675FF3D}.Debug|Any CPU.ActiveCfg = Debug|Any CPU
		{4E0D5721-5349-49B1-B9E1-7E3DC675FF3D}.Debug|Any CPU.Build.0 = Debug|Any CPU
		{4E0D5721-5349-49B1-B9E1-7E3DC675FF3D}.Release|Any CPU.ActiveCfg = Release|Any CPU
		{4E0D5721-5349-49B1-B9E1-7E3DC675FF3D}.Release|Any CPU.Build.0 = Release|Any CPU
		{7D7620B4-26E8-45E7-ABE9-DD0DB4186EF5}.Debug|Any CPU.ActiveCfg = Debug|Any CPU
		{7D7620B4-26E8-45E7-ABE9-DD0DB4186EF5}.Debug|Any CPU.Build.0 = Debug|Any CPU
		{7D7620B4-26E8-45E7-ABE9-DD0DB4186EF5}.Release|Any CPU.ActiveCfg = Release|Any CPU
		{7D7620B4-26E8-45E7-ABE9-DD0DB4186EF5}.Release|Any CPU.Build.0 = Release|Any CPU
		{2C554EC8-1B28-4576-A831-F79A1D8D4FA6}.Debug|Any CPU.ActiveCfg = Debug|Any CPU
		{2C554EC8-1B28-4576-A831-F79A1D8D4FA6}.Debug|Any CPU.Build.0 = Debug|Any CPU
		{2C554EC8-1B28-4576-A831-F79A1D8D4FA6}.Release|Any CPU.ActiveCfg = Release|Any CPU
		{2C554EC8-1B28-4576-A831-F79A1D8D4FA6}.Release|Any CPU.Build.0 = Release|Any CPU
		{14F6173E-F857-41AD-9715-884D7E0D4E97}.Debug|Any CPU.ActiveCfg = Debug|Any CPU
		{14F6173E-F857-41AD-9715-884D7E0D4E97}.Debug|Any CPU.Build.0 = Debug|Any CPU
		{14F6173E-F857-41AD-9715-884D7E0D4E97}.Release|Any CPU.ActiveCfg = Release|Any CPU
		{14F6173E-F857-41AD-9715-884D7E0D4E97}.Release|Any CPU.Build.0 = Release|Any CPU
		{E3ECA22C-A2DE-4AD0-9328-AAA56025668E}.Debug|Any CPU.ActiveCfg = Debug|Any CPU
		{E3ECA22C-A2DE-4AD0-9328-AAA56025668E}.Debug|Any CPU.Build.0 = Debug|Any CPU
		{E3ECA22C-A2DE-4AD0-9328-AAA56025668E}.Release|Any CPU.ActiveCfg = Release|Any CPU
		{E3ECA22C-A2DE-4AD0-9328-AAA56025668E}.Release|Any CPU.Build.0 = Release|Any CPU
		{3D4CB612-38C3-4131-B86A-881C9F093775}.Debug|Any CPU.ActiveCfg = Debug|Any CPU
		{3D4CB612-38C3-4131-B86A-881C9F093775}.Debug|Any CPU.Build.0 = Debug|Any CPU
		{3D4CB612-38C3-4131-B86A-881C9F093775}.Release|Any CPU.ActiveCfg = Release|Any CPU
		{3D4CB612-38C3-4131-B86A-881C9F093775}.Release|Any CPU.Build.0 = Release|Any CPU
	EndGlobalSection
	GlobalSection(SolutionProperties) = preSolution
		HideSolutionNode = FALSE
	EndGlobalSection
	GlobalSection(ExtensibilityGlobals) = postSolution
		SolutionGuid = {F7827535-A808-45A5-8F2E-D43755413081}
	EndGlobalSection
EndGlobal
